// !$*UTF8*$!
{
	archiveVersion = 1;
	classes = {
	};
	objectVersion = 46;
	objects = {

/* Begin PBXBuildFile section */
		5C77D4C91EB752B300CCC745 /* SyllabusCell.swift in Sources */ = {isa = PBXBuildFile; fileRef = 5C77D4C81EB752B300CCC745 /* SyllabusCell.swift */; };
		5C77D4CB1EB87A3300CCC745 /* DetailViewController.swift in Sources */ = {isa = PBXBuildFile; fileRef = 5C77D4CA1EB87A3300CCC745 /* DetailViewController.swift */; };
		5CFAB8691EB60208001885C4 /* AppDelegate.swift in Sources */ = {isa = PBXBuildFile; fileRef = 5CFAB8681EB60208001885C4 /* AppDelegate.swift */; };
		5CFAB86B1EB60208001885C4 /* ListViewController.swift in Sources */ = {isa = PBXBuildFile; fileRef = 5CFAB86A1EB60208001885C4 /* ListViewController.swift */; };
		5CFAB86E1EB60208001885C4 /* Main.storyboard in Resources */ = {isa = PBXBuildFile; fileRef = 5CFAB86C1EB60208001885C4 /* Main.storyboard */; };
		5CFAB8701EB60208001885C4 /* Assets.xcassets in Resources */ = {isa = PBXBuildFile; fileRef = 5CFAB86F1EB60208001885C4 /* Assets.xcassets */; };
		5CFAB8731EB60208001885C4 /* LaunchScreen.storyboard in Resources */ = {isa = PBXBuildFile; fileRef = 5CFAB8711EB60208001885C4 /* LaunchScreen.storyboard */; };
		5CFAB87B1EB607F6001885C4 /* Syllabus.storyboard in Resources */ = {isa = PBXBuildFile; fileRef = 5CFAB87A1EB607F6001885C4 /* Syllabus.storyboard */; };
		5CFAB87D1EB608FB001885C4 /* Notice.storyboard in Resources */ = {isa = PBXBuildFile; fileRef = 5CFAB87C1EB608FB001885C4 /* Notice.storyboard */; };
		5CFAB87F1EB609A1001885C4 /* Material.storyboard in Resources */ = {isa = PBXBuildFile; fileRef = 5CFAB87E1EB609A1001885C4 /* Material.storyboard */; };
		5CFAB8811EB609CD001885C4 /* TimeTable.storyboard in Resources */ = {isa = PBXBuildFile; fileRef = 5CFAB8801EB609CD001885C4 /* TimeTable.storyboard */; };
		7C724C0B3E8CED115A7A34C5 /* Pods_SuLi.framework in Frameworks */ = {isa = PBXBuildFile; fileRef = 7490708A5D4EF477F71C230A /* Pods_SuLi.framework */; };
/* End PBXBuildFile section */

/* Begin PBXFileReference section */
		264DBFE15683CD108CA7159E /* Pods-SuLi.debug.xcconfig */ = {isa = PBXFileReference; includeInIndex = 1; lastKnownFileType = text.xcconfig; name = "Pods-SuLi.debug.xcconfig"; path = "Pods/Target Support Files/Pods-SuLi/Pods-SuLi.debug.xcconfig"; sourceTree = "<group>"; };
		5C77D4C81EB752B300CCC745 /* SyllabusCell.swift */ = {isa = PBXFileReference; fileEncoding = 4; lastKnownFileType = sourcecode.swift; path = SyllabusCell.swift; sourceTree = "<group>"; };
		5C77D4CA1EB87A3300CCC745 /* DetailViewController.swift */ = {isa = PBXFileReference; fileEncoding = 4; lastKnownFileType = sourcecode.swift; path = DetailViewController.swift; sourceTree = "<group>"; };
		5CFAB8651EB60208001885C4 /* SuLi.app */ = {isa = PBXFileReference; explicitFileType = wrapper.application; includeInIndex = 0; path = SuLi.app; sourceTree = BUILT_PRODUCTS_DIR; };
		5CFAB8681EB60208001885C4 /* AppDelegate.swift */ = {isa = PBXFileReference; lastKnownFileType = sourcecode.swift; path = AppDelegate.swift; sourceTree = "<group>"; };
		5CFAB86A1EB60208001885C4 /* ListViewController.swift */ = {isa = PBXFileReference; lastKnownFileType = sourcecode.swift; path = ListViewController.swift; sourceTree = "<group>"; };
		5CFAB86D1EB60208001885C4 /* Base */ = {isa = PBXFileReference; lastKnownFileType = file.storyboard; name = Base; path = Base.lproj/Main.storyboard; sourceTree = "<group>"; };
		5CFAB86F1EB60208001885C4 /* Assets.xcassets */ = {isa = PBXFileReference; lastKnownFileType = folder.assetcatalog; path = Assets.xcassets; sourceTree = "<group>"; };
		5CFAB8721EB60208001885C4 /* Base */ = {isa = PBXFileReference; lastKnownFileType = file.storyboard; name = Base; path = Base.lproj/LaunchScreen.storyboard; sourceTree = "<group>"; };
		5CFAB8741EB60208001885C4 /* Info.plist */ = {isa = PBXFileReference; lastKnownFileType = text.plist.xml; path = Info.plist; sourceTree = "<group>"; };
		5CFAB87A1EB607F6001885C4 /* Syllabus.storyboard */ = {isa = PBXFileReference; fileEncoding = 4; lastKnownFileType = file.storyboard; path = Syllabus.storyboard; sourceTree = "<group>"; };
		5CFAB87C1EB608FB001885C4 /* Notice.storyboard */ = {isa = PBXFileReference; fileEncoding = 4; lastKnownFileType = file.storyboard; path = Notice.storyboard; sourceTree = "<group>"; };
		5CFAB87E1EB609A1001885C4 /* Material.storyboard */ = {isa = PBXFileReference; fileEncoding = 4; lastKnownFileType = file.storyboard; path = Material.storyboard; sourceTree = "<group>"; };
		5CFAB8801EB609CD001885C4 /* TimeTable.storyboard */ = {isa = PBXFileReference; fileEncoding = 4; lastKnownFileType = file.storyboard; path = TimeTable.storyboard; sourceTree = "<group>"; };
		7490708A5D4EF477F71C230A /* Pods_SuLi.framework */ = {isa = PBXFileReference; explicitFileType = wrapper.framework; includeInIndex = 0; path = Pods_SuLi.framework; sourceTree = BUILT_PRODUCTS_DIR; };
		D04638F9448F7ABD8FCA6394 /* Pods-SuLi.release.xcconfig */ = {isa = PBXFileReference; includeInIndex = 1; lastKnownFileType = text.xcconfig; name = "Pods-SuLi.release.xcconfig"; path = "Pods/Target Support Files/Pods-SuLi/Pods-SuLi.release.xcconfig"; sourceTree = "<group>"; };
/* End PBXFileReference section */

/* Begin PBXFrameworksBuildPhase section */
		5CFAB8621EB60208001885C4 /* Frameworks */ = {
			isa = PBXFrameworksBuildPhase;
			buildActionMask = 2147483647;
			files = (
				7C724C0B3E8CED115A7A34C5 /* Pods_SuLi.framework in Frameworks */,
			);
			runOnlyForDeploymentPostprocessing = 0;
		};
/* End PBXFrameworksBuildPhase section */

/* Begin PBXGroup section */
		5CFAB85C1EB60208001885C4 = {
			isa = PBXGroup;
			children = (
				5CFAB8671EB60208001885C4 /* SuLi */,
				5CFAB8661EB60208001885C4 /* Products */,
				C55EBAA5440F31FB02EFCF1E /* Pods */,
				AF48C6F71AE2C9C221118FE5 /* Frameworks */,
			);
			sourceTree = "<group>";
		};
		5CFAB8661EB60208001885C4 /* Products */ = {
			isa = PBXGroup;
			children = (
				5CFAB8651EB60208001885C4 /* SuLi.app */,
			);
			name = Products;
			sourceTree = "<group>";
		};
		5CFAB8671EB60208001885C4 /* SuLi */ = {
			isa = PBXGroup;
			children = (
				5CFAB8681EB60208001885C4 /* AppDelegate.swift */,
				5CFAB86A1EB60208001885C4 /* ListViewController.swift */,
				5C77D4CA1EB87A3300CCC745 /* DetailViewController.swift */,
				5C77D4C81EB752B300CCC745 /* SyllabusCell.swift */,
				5CFAB86C1EB60208001885C4 /* Main.storyboard */,
				5CFAB87E1EB609A1001885C4 /* Material.storyboard */,
				5CFAB8801EB609CD001885C4 /* TimeTable.storyboard */,
				5CFAB87A1EB607F6001885C4 /* Syllabus.storyboard */,
				5CFAB87C1EB608FB001885C4 /* Notice.storyboard */,
				5CFAB86F1EB60208001885C4 /* Assets.xcassets */,
				5CFAB8711EB60208001885C4 /* LaunchScreen.storyboard */,
				5CFAB8741EB60208001885C4 /* Info.plist */,
			);
			path = SuLi;
			sourceTree = "<group>";
		};
		AF48C6F71AE2C9C221118FE5 /* Frameworks */ = {
			isa = PBXGroup;
			children = (
				7490708A5D4EF477F71C230A /* Pods_SuLi.framework */,
			);
			name = Frameworks;
			sourceTree = "<group>";
		};
		C55EBAA5440F31FB02EFCF1E /* Pods */ = {
			isa = PBXGroup;
			children = (
				264DBFE15683CD108CA7159E /* Pods-SuLi.debug.xcconfig */,
				D04638F9448F7ABD8FCA6394 /* Pods-SuLi.release.xcconfig */,
			);
			name = Pods;
			sourceTree = "<group>";
		};
/* End PBXGroup section */

/* Begin PBXNativeTarget section */
		5CFAB8641EB60208001885C4 /* SuLi */ = {
			isa = PBXNativeTarget;
			buildConfigurationList = 5CFAB8771EB60208001885C4 /* Build configuration list for PBXNativeTarget "SuLi" */;
			buildPhases = (
				D248D6C6FC3A6A92845272CF /* [CP] Check Pods Manifest.lock */,
				5CFAB8611EB60208001885C4 /* Sources */,
				5CFAB8621EB60208001885C4 /* Frameworks */,
				5CFAB8631EB60208001885C4 /* Resources */,
				8E41B4F3E27E22F85A32DA03 /* [CP] Embed Pods Frameworks */,
				97073A1C29CFC1C23F8B9611 /* [CP] Copy Pods Resources */,
			);
			buildRules = (
			);
			dependencies = (
			);
			name = SuLi;
			productName = SuLi;
			productReference = 5CFAB8651EB60208001885C4 /* SuLi.app */;
			productType = "com.apple.product-type.application";
		};
/* End PBXNativeTarget section */

/* Begin PBXProject section */
		5CFAB85D1EB60208001885C4 /* Project object */ = {
			isa = PBXProject;
			attributes = {
				LastSwiftUpdateCheck = 0820;
				LastUpgradeCheck = 0820;
				ORGANIZATIONNAME = ssd;
				TargetAttributes = {
					5CFAB8641EB60208001885C4 = {
						CreatedOnToolsVersion = 8.2.1;
						ProvisioningStyle = Automatic;
					};
				};
			};
			buildConfigurationList = 5CFAB8601EB60208001885C4 /* Build configuration list for PBXProject "SuLi" */;
			compatibilityVersion = "Xcode 3.2";
			developmentRegion = English;
			hasScannedForEncodings = 0;
			knownRegions = (
				en,
				Base,
			);
			mainGroup = 5CFAB85C1EB60208001885C4;
			productRefGroup = 5CFAB8661EB60208001885C4 /* Products */;
			projectDirPath = "";
			projectRoot = "";
			targets = (
				5CFAB8641EB60208001885C4 /* SuLi */,
			);
		};
/* End PBXProject section */

/* Begin PBXResourcesBuildPhase section */
		5CFAB8631EB60208001885C4 /* Resources */ = {
			isa = PBXResourcesBuildPhase;
			buildActionMask = 2147483647;
			files = (
				5CFAB8731EB60208001885C4 /* LaunchScreen.storyboard in Resources */,
				5CFAB87B1EB607F6001885C4 /* Syllabus.storyboard in Resources */,
				5CFAB8811EB609CD001885C4 /* TimeTable.storyboard in Resources */,
				5CFAB87D1EB608FB001885C4 /* Notice.storyboard in Resources */,
				5CFAB87F1EB609A1001885C4 /* Material.storyboard in Resources */,
				5CFAB8701EB60208001885C4 /* Assets.xcassets in Resources */,
				5CFAB86E1EB60208001885C4 /* Main.storyboard in Resources */,
			);
			runOnlyForDeploymentPostprocessing = 0;
		};
/* End PBXResourcesBuildPhase section */

/* Begin PBXShellScriptBuildPhase section */
		8E41B4F3E27E22F85A32DA03 /* [CP] Embed Pods Frameworks */ = {
			isa = PBXShellScriptBuildPhase;
			buildActionMask = 2147483647;
			files = (
			);
			inputPaths = (
			);
			name = "[CP] Embed Pods Frameworks";
			outputPaths = (
			);
			runOnlyForDeploymentPostprocessing = 0;
			shellPath = /bin/sh;
			shellScript = "\"${SRCROOT}/Pods/Target Support Files/Pods-SuLi/Pods-SuLi-frameworks.sh\"\n";
			showEnvVarsInLog = 0;
		};
		97073A1C29CFC1C23F8B9611 /* [CP] Copy Pods Resources */ = {
			isa = PBXShellScriptBuildPhase;
			buildActionMask = 2147483647;
			files = (
			);
			inputPaths = (
			);
			name = "[CP] Copy Pods Resources";
			outputPaths = (
			);
			runOnlyForDeploymentPostprocessing = 0;
			shellPath = /bin/sh;
			shellScript = "\"${SRCROOT}/Pods/Target Support Files/Pods-SuLi/Pods-SuLi-resources.sh\"\n";
			showEnvVarsInLog = 0;
		};
		D248D6C6FC3A6A92845272CF /* [CP] Check Pods Manifest.lock */ = {
			isa = PBXShellScriptBuildPhase;
			buildActionMask = 2147483647;
			files = (
			);
			inputPaths = (
			);
			name = "[CP] Check Pods Manifest.lock";
			outputPaths = (
			);
			runOnlyForDeploymentPostprocessing = 0;
			shellPath = /bin/sh;
			shellScript = "diff \"${PODS_PODFILE_DIR_PATH}/Podfile.lock\" \"${PODS_ROOT}/Manifest.lock\" > /dev/null\nif [ $? != 0 ] ; then\n    # print error to STDERR\n    echo \"error: The sandbox is not in sync with the Podfile.lock. Run 'pod install' or update your CocoaPods installation.\" >&2\n    exit 1\nfi\n";
			showEnvVarsInLog = 0;
		};
/* End PBXShellScriptBuildPhase section */

/* Begin PBXSourcesBuildPhase section */
		5CFAB8611EB60208001885C4 /* Sources */ = {
			isa = PBXSourcesBuildPhase;
			buildActionMask = 2147483647;
			files = (
				5C77D4C91EB752B300CCC745 /* SyllabusCell.swift in Sources */,
				5CFAB86B1EB60208001885C4 /* ListViewController.swift in Sources */,
				5C77D4CB1EB87A3300CCC745 /* DetailViewController.swift in Sources */,
				5CFAB8691EB60208001885C4 /* AppDelegate.swift in Sources */,
			);
			runOnlyForDeploymentPostprocessing = 0;
		};
/* End PBXSourcesBuildPhase section */

/* Begin PBXVariantGroup section */
		5CFAB86C1EB60208001885C4 /* Main.storyboard */ = {
			isa = PBXVariantGroup;
			children = (
				5CFAB86D1EB60208001885C4 /* Base */,
			);
			name = Main.storyboard;
			sourceTree = "<group>";
		};
		5CFAB8711EB60208001885C4 /* LaunchScreen.storyboard */ = {
			isa = PBXVariantGroup;
			children = (
				5CFAB8721EB60208001885C4 /* Base */,
			);
			name = LaunchScreen.storyboard;
			sourceTree = "<group>";
		};
/* End PBXVariantGroup section */

/* Begin XCBuildConfiguration section */
		5CFAB8751EB60208001885C4 /* Debug */ = {
			isa = XCBuildConfiguration;
			buildSettings = {
				ALWAYS_SEARCH_USER_PATHS = NO;
				CLANG_ANALYZER_NONNULL = YES;
				CLANG_CXX_LANGUAGE_STANDARD = "gnu++0x";
				CLANG_CXX_LIBRARY = "libc++";
				CLANG_ENABLE_MODULES = YES;
				CLANG_ENABLE_OBJC_ARC = YES;
				CLANG_WARN_BOOL_CONVERSION = YES;
				CLANG_WARN_CONSTANT_CONVERSION = YES;
				CLANG_WARN_DIRECT_OBJC_ISA_USAGE = YES_ERROR;
				CLANG_WARN_DOCUMENTATION_COMMENTS = YES;
				CLANG_WARN_EMPTY_BODY = YES;
				CLANG_WARN_ENUM_CONVERSION = YES;
				CLANG_WARN_INFINITE_RECURSION = YES;
				CLANG_WARN_INT_CONVERSION = YES;
				CLANG_WARN_OBJC_ROOT_CLASS = YES_ERROR;
				CLANG_WARN_SUSPICIOUS_MOVE = YES;
				CLANG_WARN_UNREACHABLE_CODE = YES;
				CLANG_WARN__DUPLICATE_METHOD_MATCH = YES;
				"CODE_SIGN_IDENTITY[sdk=iphoneos*]" = "iPhone Developer";
				COPY_PHASE_STRIP = NO;
				DEBUG_INFORMATION_FORMAT = dwarf;
				ENABLE_STRICT_OBJC_MSGSEND = YES;
				ENABLE_TESTABILITY = YES;
				GCC_C_LANGUAGE_STANDARD = gnu99;
				GCC_DYNAMIC_NO_PIC = NO;
				GCC_NO_COMMON_BLOCKS = YES;
				GCC_OPTIMIZATION_LEVEL = 0;
				GCC_PREPROCESSOR_DEFINITIONS = (
					"DEBUG=1",
					"$(inherited)",
				);
				GCC_WARN_64_TO_32_BIT_CONVERSION = YES;
				GCC_WARN_ABOUT_RETURN_TYPE = YES_ERROR;
				GCC_WARN_UNDECLARED_SELECTOR = YES;
				GCC_WARN_UNINITIALIZED_AUTOS = YES_AGGRESSIVE;
				GCC_WARN_UNUSED_FUNCTION = YES;
				GCC_WARN_UNUSED_VARIABLE = YES;
				IPHONEOS_DEPLOYMENT_TARGET = 10.2;
				MTL_ENABLE_DEBUG_INFO = YES;
				ONLY_ACTIVE_ARCH = YES;
				SDKROOT = iphoneos;
				SWIFT_ACTIVE_COMPILATION_CONDITIONS = DEBUG;
				SWIFT_OPTIMIZATION_LEVEL = "-Onone";
				TARGETED_DEVICE_FAMILY = "1,2";
			};
			name = Debug;
		};
		5CFAB8761EB60208001885C4 /* Release */ = {
			isa = XCBuildConfiguration;
			buildSettings = {
				ALWAYS_SEARCH_USER_PATHS = NO;
				CLANG_ANALYZER_NONNULL = YES;
				CLANG_CXX_LANGUAGE_STANDARD = "gnu++0x";
				CLANG_CXX_LIBRARY = "libc++";
				CLANG_ENABLE_MODULES = YES;
				CLANG_ENABLE_OBJC_ARC = YES;
				CLANG_WARN_BOOL_CONVERSION = YES;
				CLANG_WARN_CONSTANT_CONVERSION = YES;
				CLANG_WARN_DIRECT_OBJC_ISA_USAGE = YES_ERROR;
				CLANG_WARN_DOCUMENTATION_COMMENTS = YES;
				CLANG_WARN_EMPTY_BODY = YES;
				CLANG_WARN_ENUM_CONVERSION = YES;
				CLANG_WARN_INFINITE_RECURSION = YES;
				CLANG_WARN_INT_CONVERSION = YES;
				CLANG_WARN_OBJC_ROOT_CLASS = YES_ERROR;
				CLANG_WARN_SUSPICIOUS_MOVE = YES;
				CLANG_WARN_UNREACHABLE_CODE = YES;
				CLANG_WARN__DUPLICATE_METHOD_MATCH = YES;
				"CODE_SIGN_IDENTITY[sdk=iphoneos*]" = "iPhone Developer";
				COPY_PHASE_STRIP = NO;
				DEBUG_INFORMATION_FORMAT = "dwarf-with-dsym";
				ENABLE_NS_ASSERTIONS = NO;
				ENABLE_STRICT_OBJC_MSGSEND = YES;
				GCC_C_LANGUAGE_STANDARD = gnu99;
				GCC_NO_COMMON_BLOCKS = YES;
				GCC_WARN_64_TO_32_BIT_CONVERSION = YES;
				GCC_WARN_ABOUT_RETURN_TYPE = YES_ERROR;
				GCC_WARN_UNDECLARED_SELECTOR = YES;
				GCC_WARN_UNINITIALIZED_AUTOS = YES_AGGRESSIVE;
				GCC_WARN_UNUSED_FUNCTION = YES;
				GCC_WARN_UNUSED_VARIABLE = YES;
				IPHONEOS_DEPLOYMENT_TARGET = 10.2;
				MTL_ENABLE_DEBUG_INFO = NO;
				SDKROOT = iphoneos;
				SWIFT_OPTIMIZATION_LEVEL = "-Owholemodule";
				TARGETED_DEVICE_FAMILY = "1,2";
				VALIDATE_PRODUCT = YES;
			};
			name = Release;
		};
		5CFAB8781EB60208001885C4 /* Debug */ = {
			isa = XCBuildConfiguration;
			baseConfigurationReference = 264DBFE15683CD108CA7159E /* Pods-SuLi.debug.xcconfig */;
			buildSettings = {
				ASSETCATALOG_COMPILER_APPICON_NAME = AppIcon;
				INFOPLIST_FILE = SuLi/Info.plist;
				LD_RUNPATH_SEARCH_PATHS = "$(inherited) @executable_path/Frameworks";
				PRODUCT_BUNDLE_IDENTIFIER = cf.ssdb.SuLi;
				PRODUCT_NAME = "$(TARGET_NAME)";
				SWIFT_VERSION = 3.0;
			};
			name = Debug;
		};
		5CFAB8791EB60208001885C4 /* Release */ = {
			isa = XCBuildConfiguration;
			baseConfigurationReference = D04638F9448F7ABD8FCA6394 /* Pods-SuLi.release.xcconfig */;
			buildSettings = {
				ASSETCATALOG_COMPILER_APPICON_NAME = AppIcon;
				INFOPLIST_FILE = SuLi/Info.plist;
				LD_RUNPATH_SEARCH_PATHS = "$(inherited) @executable_path/Frameworks";
				PRODUCT_BUNDLE_IDENTIFIER = cf.ssdb.SuLi;
				PRODUCT_NAME = "$(TARGET_NAME)";
				SWIFT_VERSION = 3.0;
			};
			name = Release;
		};
/* End XCBuildConfiguration section */

/* Begin XCConfigurationList section */
		5CFAB8601EB60208001885C4 /* Build configuration list for PBXProject "SuLi" */ = {
			isa = XCConfigurationList;
			buildConfigurations = (
				5CFAB8751EB60208001885C4 /* Debug */,
				5CFAB8761EB60208001885C4 /* Release */,
			);
			defaultConfigurationIsVisible = 0;
			defaultConfigurationName = Release;
		};
		5CFAB8771EB60208001885C4 /* Build configuration list for PBXNativeTarget "SuLi" */ = {
			isa = XCConfigurationList;
			buildConfigurations = (
				5CFAB8781EB60208001885C4 /* Debug */,
				5CFAB8791EB60208001885C4 /* Release */,
			);
			defaultConfigurationIsVisible = 0;
			defaultConfigurationName = Release;
		};
/* End XCConfigurationList section */
	};
	rootObject = 5CFAB85D1EB60208001885C4 /* Project object */;
}
