// !$*UTF8*$!
{
	archiveVersion = 1;
	classes = {
	};
	objectVersion = 46;
	objects = {

/* Begin PBXBuildFile section */
		5C161B021F4CF0B50095237B /* ShareFolderLoginViewController.swift in Sources */ = {isa = PBXBuildFile; fileRef = 5C161B011F4CF0B50095237B /* ShareFolderLoginViewController.swift */; };
		5C184F8A1F6D4829003FF8DA /* Setting.storyboard in Resources */ = {isa = PBXBuildFile; fileRef = 5C184F8C1F6D4829003FF8DA /* Setting.storyboard */; };
		5C184F901F6D9759003FF8DA /* SettingViewController.swift in Sources */ = {isa = PBXBuildFile; fileRef = 5C184F8F1F6D9759003FF8DA /* SettingViewController.swift */; };
		5C184F941F6DA622003FF8DA /* DeveloperViewController.swift in Sources */ = {isa = PBXBuildFile; fileRef = 5C184F931F6DA622003FF8DA /* DeveloperViewController.swift */; };
		5C1E62051F4190A600CF7BEB /* ClassroomDivideChildViewController.swift in Sources */ = {isa = PBXBuildFile; fileRef = 5C1E62041F4190A600CF7BEB /* ClassroomDivideChildViewController.swift */; };
		5C203F2E1F3A277A00C89196 /* GetSyllabusForm.swift in Sources */ = {isa = PBXBuildFile; fileRef = 5C203F2D1F3A277A00C89196 /* GetSyllabusForm.swift */; };
		5C203F301F3A436200C89196 /* GetCancelInfo.swift in Sources */ = {isa = PBXBuildFile; fileRef = 5C203F2F1F3A436200C89196 /* GetCancelInfo.swift */; };
		5C203F321F3EFF7700C89196 /* WebViewController.swift in Sources */ = {isa = PBXBuildFile; fileRef = 5C203F311F3EFF7700C89196 /* WebViewController.swift */; };
		5C203F341F3F169600C89196 /* NoticeViewContoller.swift in Sources */ = {isa = PBXBuildFile; fileRef = 5C203F331F3F169600C89196 /* NoticeViewContoller.swift */; };
		5C22759B1EBC7F6D000A6AA9 /* URLEncoding.swift in Sources */ = {isa = PBXBuildFile; fileRef = 5C22759A1EBC7F6D000A6AA9 /* URLEncoding.swift */; };
		5C276E321F58343100425815 /* SMBSessionController.swift in Sources */ = {isa = PBXBuildFile; fileRef = 5C276E311F58343100425815 /* SMBSessionController.swift */; };
		5C276E371F5AAAA100425815 /* Material.storyboard in Resources */ = {isa = PBXBuildFile; fileRef = 5C276E391F5AAAA100425815 /* Material.storyboard */; };
		5C276E411F5AAE2E00425815 /* Localizable.strings in Resources */ = {isa = PBXBuildFile; fileRef = 5C276E431F5AAE2E00425815 /* Localizable.strings */; };
		5C276E461F5AAFDE00425815 /* ClassroomDivide.storyboard in Resources */ = {isa = PBXBuildFile; fileRef = 5C276E481F5AAFDE00425815 /* ClassroomDivide.storyboard */; };
		5C276E4B1F5AAFF600425815 /* Notice.storyboard in Resources */ = {isa = PBXBuildFile; fileRef = 5C276E4D1F5AAFF600425815 /* Notice.storyboard */; };
		5C276E501F5AB00500425815 /* Syllabus.storyboard in Resources */ = {isa = PBXBuildFile; fileRef = 5C276E521F5AB00500425815 /* Syllabus.storyboard */; };
		5C276E551F5AB01100425815 /* TimeTable.storyboard in Resources */ = {isa = PBXBuildFile; fileRef = 5C276E571F5AB01100425815 /* TimeTable.storyboard */; };
		5C43DB941F4F743600A3B88E /* NoticeCustomViewDetailCell.swift in Sources */ = {isa = PBXBuildFile; fileRef = 5C43DB931F4F743600A3B88E /* NoticeCustomViewDetailCell.swift */; };
		5C47AB4E1FFBE2280012275D /* SyllabusListIndicatorCell.swift in Sources */ = {isa = PBXBuildFile; fileRef = 5C47AB4D1FFBE2280012275D /* SyllabusListIndicatorCell.swift */; };
		5C60FB471F4A141400268907 /* UIColorExtension.swift in Sources */ = {isa = PBXBuildFile; fileRef = 5C60FB461F4A141400268907 /* UIColorExtension.swift */; };
		5C60FB491F4A26B300268907 /* ShareFolderViewController.swift in Sources */ = {isa = PBXBuildFile; fileRef = 5C60FB481F4A26B300268907 /* ShareFolderViewController.swift */; };
		5C6A19B91ED3B2FE00BF1A52 /* database.swift in Sources */ = {isa = PBXBuildFile; fileRef = 5C6A19B81ED3B2FE00BF1A52 /* database.swift */; };
		5C6A19BB1ED3BE1600BF1A52 /* GetClassroomDivide.swift in Sources */ = {isa = PBXBuildFile; fileRef = 5C6A19BA1ED3BE1600BF1A52 /* GetClassroomDivide.swift */; };
		5C6A19BF1ED3F48000BF1A52 /* ClassroomDivideVIewController.swift in Sources */ = {isa = PBXBuildFile; fileRef = 5C6A19BE1ED3F48000BF1A52 /* ClassroomDivideVIewController.swift */; };
		5C74874D1F35EF3B0021D9A7 /* GetBuildingList.swift in Sources */ = {isa = PBXBuildFile; fileRef = 5C74874C1F35EF3B0021D9A7 /* GetBuildingList.swift */; };
		5C77D4CB1EB87A3300CCC745 /* SyllabusDetailViewController.swift in Sources */ = {isa = PBXBuildFile; fileRef = 5C77D4CA1EB87A3300CCC745 /* SyllabusDetailViewController.swift */; };
		5C8D0FA01FF8D2D200778933 /* SyllabusCustomBasicCell.swift in Sources */ = {isa = PBXBuildFile; fileRef = 5C8D0F9F1FF8D2D200778933 /* SyllabusCustomBasicCell.swift */; };
		5CA879421F85FB5100FA0B98 /* ClassroomDivideCustomViewCell.swift in Sources */ = {isa = PBXBuildFile; fileRef = 5CA879411F85FB5100FA0B98 /* ClassroomDivideCustomViewCell.swift */; };
		5CA879441F88E15C00FA0B98 /* UserDefaultsKey.swift in Sources */ = {isa = PBXBuildFile; fileRef = 5CA879431F88E15C00FA0B98 /* UserDefaultsKey.swift */; };
		5CABE16A1ED02497009C271E /* SyllabusCustomViewCell.swift in Sources */ = {isa = PBXBuildFile; fileRef = 5CABE1691ED02497009C271E /* SyllabusCustomViewCell.swift */; };
		5CABE16C1ED06A7E009C271E /* StringExtension.swift in Sources */ = {isa = PBXBuildFile; fileRef = 5CABE16B1ED06A7E009C271E /* StringExtension.swift */; };
		5CB76A281F8C473500351E14 /* MaterialViewController.swift in Sources */ = {isa = PBXBuildFile; fileRef = 5CB76A271F8C473500351E14 /* MaterialViewController.swift */; };
		5CD8E5BC1F5149D80021586F /* ShareFileViewController.swift in Sources */ = {isa = PBXBuildFile; fileRef = 5CD8E5BB1F5149D80021586F /* ShareFileViewController.swift */; };
		5CE589101F604847005E32BB /* ResourceAddress.strings in Resources */ = {isa = PBXBuildFile; fileRef = 5CE5890F1F604847005E32BB /* ResourceAddress.strings */; };
		5CE589121F62BE31005E32BB /* MyAlertController.swift in Sources */ = {isa = PBXBuildFile; fileRef = 5CE589111F62BE31005E32BB /* MyAlertController.swift */; };
		5CE589141F65216D005E32BB /* UpdateAllData.swift in Sources */ = {isa = PBXBuildFile; fileRef = 5CE589131F65216D005E32BB /* UpdateAllData.swift */; };
		5CE589161F6590C0005E32BB /* Settings.bundle in Resources */ = {isa = PBXBuildFile; fileRef = 5CE589151F6590C0005E32BB /* Settings.bundle */; };
		5CE6175A1EBDCD7C00561E74 /* sjisHTTP.swift in Sources */ = {isa = PBXBuildFile; fileRef = 5CE617591EBDCD7C00561E74 /* sjisHTTP.swift */; };
		5CFAB8691EB60208001885C4 /* AppDelegate.swift in Sources */ = {isa = PBXBuildFile; fileRef = 5CFAB8681EB60208001885C4 /* AppDelegate.swift */; };
		5CFAB86B1EB60208001885C4 /* SyllabusListViewController.swift in Sources */ = {isa = PBXBuildFile; fileRef = 5CFAB86A1EB60208001885C4 /* SyllabusListViewController.swift */; };
		5CFAB86E1EB60208001885C4 /* Main.storyboard in Resources */ = {isa = PBXBuildFile; fileRef = 5CFAB86C1EB60208001885C4 /* Main.storyboard */; };
		5CFAB8701EB60208001885C4 /* Assets.xcassets in Resources */ = {isa = PBXBuildFile; fileRef = 5CFAB86F1EB60208001885C4 /* Assets.xcassets */; };
		5CFAB8731EB60208001885C4 /* LaunchScreen.storyboard in Resources */ = {isa = PBXBuildFile; fileRef = 5CFAB8711EB60208001885C4 /* LaunchScreen.storyboard */; };
		7C724C0B3E8CED115A7A34C5 /* Pods_SuLi.framework in Frameworks */ = {isa = PBXBuildFile; fileRef = 7490708A5D4EF477F71C230A /* Pods_SuLi.framework */; };
/* End PBXBuildFile section */

/* Begin PBXFileReference section */
		264DBFE15683CD108CA7159E /* Pods-SuLi.debug.xcconfig */ = {isa = PBXFileReference; includeInIndex = 1; lastKnownFileType = text.xcconfig; name = "Pods-SuLi.debug.xcconfig"; path = "Pods/Target Support Files/Pods-SuLi/Pods-SuLi.debug.xcconfig"; sourceTree = "<group>"; };
		5C161B011F4CF0B50095237B /* ShareFolderLoginViewController.swift */ = {isa = PBXFileReference; fileEncoding = 4; lastKnownFileType = sourcecode.swift; path = ShareFolderLoginViewController.swift; sourceTree = "<group>"; };
		5C184F8B1F6D4829003FF8DA /* Base */ = {isa = PBXFileReference; lastKnownFileType = file.storyboard; name = Base; path = Base.lproj/Setting.storyboard; sourceTree = "<group>"; };
		5C184F8F1F6D9759003FF8DA /* SettingViewController.swift */ = {isa = PBXFileReference; fileEncoding = 4; lastKnownFileType = sourcecode.swift; path = SettingViewController.swift; sourceTree = "<group>"; };
		5C184F931F6DA622003FF8DA /* DeveloperViewController.swift */ = {isa = PBXFileReference; fileEncoding = 4; lastKnownFileType = sourcecode.swift; path = DeveloperViewController.swift; sourceTree = "<group>"; };
		5C1E62041F4190A600CF7BEB /* ClassroomDivideChildViewController.swift */ = {isa = PBXFileReference; fileEncoding = 4; lastKnownFileType = sourcecode.swift; path = ClassroomDivideChildViewController.swift; sourceTree = "<group>"; };
		5C203F2D1F3A277A00C89196 /* GetSyllabusForm.swift */ = {isa = PBXFileReference; fileEncoding = 4; lastKnownFileType = sourcecode.swift; path = GetSyllabusForm.swift; sourceTree = "<group>"; };
		5C203F2F1F3A436200C89196 /* GetCancelInfo.swift */ = {isa = PBXFileReference; fileEncoding = 4; lastKnownFileType = sourcecode.swift; path = GetCancelInfo.swift; sourceTree = "<group>"; };
		5C203F311F3EFF7700C89196 /* WebViewController.swift */ = {isa = PBXFileReference; fileEncoding = 4; lastKnownFileType = sourcecode.swift; path = WebViewController.swift; sourceTree = "<group>"; };
		5C203F331F3F169600C89196 /* NoticeViewContoller.swift */ = {isa = PBXFileReference; fileEncoding = 4; lastKnownFileType = sourcecode.swift; path = NoticeViewContoller.swift; sourceTree = "<group>"; };
		5C22759A1EBC7F6D000A6AA9 /* URLEncoding.swift */ = {isa = PBXFileReference; fileEncoding = 4; lastKnownFileType = sourcecode.swift; path = URLEncoding.swift; sourceTree = "<group>"; };
		5C276E311F58343100425815 /* SMBSessionController.swift */ = {isa = PBXFileReference; fileEncoding = 4; lastKnownFileType = sourcecode.swift; path = SMBSessionController.swift; sourceTree = "<group>"; };
		5C276E3A1F5AAACB00425815 /* Base */ = {isa = PBXFileReference; lastKnownFileType = file.storyboard; name = Base; path = Base.lproj/Material.storyboard; sourceTree = "<group>"; };
		5C276E3C1F5AAD7F00425815 /* ja */ = {isa = PBXFileReference; lastKnownFileType = text.plist.strings; name = ja; path = ja.lproj/Main.strings; sourceTree = "<group>"; };
		5C276E421F5AAE2E00425815 /* ja */ = {isa = PBXFileReference; lastKnownFileType = text.plist.strings; name = ja; path = ja.lproj/Localizable.strings; sourceTree = "<group>"; };
		5C276E441F5AAE3100425815 /* Base */ = {isa = PBXFileReference; lastKnownFileType = text.plist.strings; name = Base; path = Base.lproj/Localizable.strings; sourceTree = "<group>"; };
		5C276E491F5AAFE100425815 /* Base */ = {isa = PBXFileReference; lastKnownFileType = file.storyboard; name = Base; path = Base.lproj/ClassroomDivide.storyboard; sourceTree = "<group>"; };
		5C276E4A1F5AAFE600425815 /* ja */ = {isa = PBXFileReference; lastKnownFileType = text.plist.strings; name = ja; path = ja.lproj/ClassroomDivide.strings; sourceTree = "<group>"; };
		5C276E4C1F5AAFF600425815 /* Base */ = {isa = PBXFileReference; lastKnownFileType = file.storyboard; name = Base; path = Base.lproj/Notice.storyboard; sourceTree = "<group>"; };
		5C276E511F5AB00500425815 /* Base */ = {isa = PBXFileReference; lastKnownFileType = file.storyboard; name = Base; path = Base.lproj/Syllabus.storyboard; sourceTree = "<group>"; };
		5C276E541F5AB00700425815 /* ja */ = {isa = PBXFileReference; lastKnownFileType = text.plist.strings; name = ja; path = ja.lproj/Syllabus.strings; sourceTree = "<group>"; };
		5C276E561F5AB01100425815 /* Base */ = {isa = PBXFileReference; lastKnownFileType = file.storyboard; name = Base; path = Base.lproj/TimeTable.storyboard; sourceTree = "<group>"; };
		5C276E591F5AB01900425815 /* ja */ = {isa = PBXFileReference; lastKnownFileType = text.plist.strings; name = ja; path = ja.lproj/TimeTable.strings; sourceTree = "<group>"; };
		5C43DB931F4F743600A3B88E /* NoticeCustomViewDetailCell.swift */ = {isa = PBXFileReference; fileEncoding = 4; lastKnownFileType = sourcecode.swift; path = NoticeCustomViewDetailCell.swift; sourceTree = "<group>"; };
		5C47AB4D1FFBE2280012275D /* SyllabusListIndicatorCell.swift */ = {isa = PBXFileReference; lastKnownFileType = sourcecode.swift; path = SyllabusListIndicatorCell.swift; sourceTree = "<group>"; };
		5C60FB461F4A141400268907 /* UIColorExtension.swift */ = {isa = PBXFileReference; fileEncoding = 4; lastKnownFileType = sourcecode.swift; path = UIColorExtension.swift; sourceTree = "<group>"; };
		5C60FB481F4A26B300268907 /* ShareFolderViewController.swift */ = {isa = PBXFileReference; fileEncoding = 4; lastKnownFileType = sourcecode.swift; path = ShareFolderViewController.swift; sourceTree = "<group>"; };
		5C60FB4D1F4A333800268907 /* Bridging-Header.h */ = {isa = PBXFileReference; lastKnownFileType = sourcecode.c.h; path = "Bridging-Header.h"; sourceTree = "<group>"; };
		5C6A19B81ED3B2FE00BF1A52 /* database.swift */ = {isa = PBXFileReference; fileEncoding = 4; lastKnownFileType = sourcecode.swift; path = database.swift; sourceTree = "<group>"; };
		5C6A19BA1ED3BE1600BF1A52 /* GetClassroomDivide.swift */ = {isa = PBXFileReference; fileEncoding = 4; lastKnownFileType = sourcecode.swift; path = GetClassroomDivide.swift; sourceTree = "<group>"; };
		5C6A19BE1ED3F48000BF1A52 /* ClassroomDivideVIewController.swift */ = {isa = PBXFileReference; fileEncoding = 4; lastKnownFileType = sourcecode.swift; path = ClassroomDivideVIewController.swift; sourceTree = "<group>"; };
		5C74874C1F35EF3B0021D9A7 /* GetBuildingList.swift */ = {isa = PBXFileReference; fileEncoding = 4; lastKnownFileType = sourcecode.swift; path = GetBuildingList.swift; sourceTree = "<group>"; };
		5C77D4CA1EB87A3300CCC745 /* SyllabusDetailViewController.swift */ = {isa = PBXFileReference; fileEncoding = 4; lastKnownFileType = sourcecode.swift; path = SyllabusDetailViewController.swift; sourceTree = "<group>"; };
		5C892A511F74B84600DB3728 /* ja */ = {isa = PBXFileReference; lastKnownFileType = text.plist.strings; name = ja; path = ja.lproj/Setting.strings; sourceTree = "<group>"; };
		5C8D0F9F1FF8D2D200778933 /* SyllabusCustomBasicCell.swift */ = {isa = PBXFileReference; lastKnownFileType = sourcecode.swift; path = SyllabusCustomBasicCell.swift; sourceTree = "<group>"; };
		5CA879411F85FB5100FA0B98 /* ClassroomDivideCustomViewCell.swift */ = {isa = PBXFileReference; lastKnownFileType = sourcecode.swift; path = ClassroomDivideCustomViewCell.swift; sourceTree = "<group>"; };
		5CA879431F88E15C00FA0B98 /* UserDefaultsKey.swift */ = {isa = PBXFileReference; lastKnownFileType = sourcecode.swift; path = UserDefaultsKey.swift; sourceTree = "<group>"; };
		5CABE1691ED02497009C271E /* SyllabusCustomViewCell.swift */ = {isa = PBXFileReference; fileEncoding = 4; lastKnownFileType = sourcecode.swift; path = SyllabusCustomViewCell.swift; sourceTree = "<group>"; };
		5CABE16B1ED06A7E009C271E /* StringExtension.swift */ = {isa = PBXFileReference; fileEncoding = 4; lastKnownFileType = sourcecode.swift; path = StringExtension.swift; sourceTree = "<group>"; };
		5CB76A271F8C473500351E14 /* MaterialViewController.swift */ = {isa = PBXFileReference; lastKnownFileType = sourcecode.swift; path = MaterialViewController.swift; sourceTree = "<group>"; };
		5CB76A2A1F8C5BAA00351E14 /* ja */ = {isa = PBXFileReference; lastKnownFileType = text.plist.strings; name = ja; path = ja.lproj/Material.strings; sourceTree = "<group>"; };
		5CD8E5BB1F5149D80021586F /* ShareFileViewController.swift */ = {isa = PBXFileReference; fileEncoding = 4; lastKnownFileType = sourcecode.swift; path = ShareFileViewController.swift; sourceTree = "<group>"; };
		5CDA37CB1FF69AF400168070 /* ja */ = {isa = PBXFileReference; lastKnownFileType = text.plist.strings; name = ja; path = ja.lproj/Notice.strings; sourceTree = "<group>"; };
		5CE5890F1F604847005E32BB /* ResourceAddress.strings */ = {isa = PBXFileReference; fileEncoding = 4; lastKnownFileType = text.plist.strings; path = ResourceAddress.strings; sourceTree = "<group>"; };
		5CE589111F62BE31005E32BB /* MyAlertController.swift */ = {isa = PBXFileReference; fileEncoding = 4; lastKnownFileType = sourcecode.swift; path = MyAlertController.swift; sourceTree = "<group>"; };
		5CE589131F65216D005E32BB /* UpdateAllData.swift */ = {isa = PBXFileReference; fileEncoding = 4; lastKnownFileType = sourcecode.swift; path = UpdateAllData.swift; sourceTree = "<group>"; };
		5CE589151F6590C0005E32BB /* Settings.bundle */ = {isa = PBXFileReference; lastKnownFileType = "wrapper.plug-in"; path = Settings.bundle; sourceTree = "<group>"; };
		5CE5891A1F66823C005E32BB /* ja */ = {isa = PBXFileReference; lastKnownFileType = text.plist.strings; name = ja; path = ja.lproj/LaunchScreen.strings; sourceTree = "<group>"; };
		5CE617591EBDCD7C00561E74 /* sjisHTTP.swift */ = {isa = PBXFileReference; fileEncoding = 4; lastKnownFileType = sourcecode.swift; path = sjisHTTP.swift; sourceTree = "<group>"; };
		5CFAB8651EB60208001885C4 /* SuLi.app */ = {isa = PBXFileReference; explicitFileType = wrapper.application; includeInIndex = 0; path = SuLi.app; sourceTree = BUILT_PRODUCTS_DIR; };
		5CFAB8681EB60208001885C4 /* AppDelegate.swift */ = {isa = PBXFileReference; lastKnownFileType = sourcecode.swift; path = AppDelegate.swift; sourceTree = "<group>"; };
		5CFAB86A1EB60208001885C4 /* SyllabusListViewController.swift */ = {isa = PBXFileReference; lastKnownFileType = sourcecode.swift; path = SyllabusListViewController.swift; sourceTree = "<group>"; };
		5CFAB86D1EB60208001885C4 /* Base */ = {isa = PBXFileReference; lastKnownFileType = file.storyboard; name = Base; path = Base.lproj/Main.storyboard; sourceTree = "<group>"; };
		5CFAB86F1EB60208001885C4 /* Assets.xcassets */ = {isa = PBXFileReference; lastKnownFileType = folder.assetcatalog; path = Assets.xcassets; sourceTree = "<group>"; };
		5CFAB8721EB60208001885C4 /* Base */ = {isa = PBXFileReference; lastKnownFileType = file.storyboard; name = Base; path = Base.lproj/LaunchScreen.storyboard; sourceTree = "<group>"; };
		5CFAB8741EB60208001885C4 /* Info.plist */ = {isa = PBXFileReference; lastKnownFileType = text.plist.xml; path = Info.plist; sourceTree = "<group>"; };
		7490708A5D4EF477F71C230A /* Pods_SuLi.framework */ = {isa = PBXFileReference; explicitFileType = wrapper.framework; includeInIndex = 0; path = Pods_SuLi.framework; sourceTree = BUILT_PRODUCTS_DIR; };
		D04638F9448F7ABD8FCA6394 /* Pods-SuLi.release.xcconfig */ = {isa = PBXFileReference; includeInIndex = 1; lastKnownFileType = text.xcconfig; name = "Pods-SuLi.release.xcconfig"; path = "Pods/Target Support Files/Pods-SuLi/Pods-SuLi.release.xcconfig"; sourceTree = "<group>"; };
/* End PBXFileReference section */

/* Begin PBXFrameworksBuildPhase section */
		5CFAB8621EB60208001885C4 /* Frameworks */ = {
			isa = PBXFrameworksBuildPhase;
			buildActionMask = 2147483647;
			files = (
				7C724C0B3E8CED115A7A34C5 /* Pods_SuLi.framework in Frameworks */,
			);
			runOnlyForDeploymentPostprocessing = 0;
		};
/* End PBXFrameworksBuildPhase section */

/* Begin PBXGroup section */
		5CFAB85C1EB60208001885C4 = {
			isa = PBXGroup;
			children = (
				5CFAB8671EB60208001885C4 /* SuLi */,
				5CFAB8661EB60208001885C4 /* Products */,
				C55EBAA5440F31FB02EFCF1E /* Pods */,
				AF48C6F71AE2C9C221118FE5 /* Frameworks */,
			);
			sourceTree = "<group>";
		};
		5CFAB8661EB60208001885C4 /* Products */ = {
			isa = PBXGroup;
			children = (
				5CFAB8651EB60208001885C4 /* SuLi.app */,
			);
			name = Products;
			sourceTree = "<group>";
		};
		5CFAB8671EB60208001885C4 /* SuLi */ = {
			isa = PBXGroup;
			children = (
				5CE589151F6590C0005E32BB /* Settings.bundle */,
				5C60FB4D1F4A333800268907 /* Bridging-Header.h */,
				5CFAB8741EB60208001885C4 /* Info.plist */,
				5CE5890F1F604847005E32BB /* ResourceAddress.strings */,
				5CFAB8681EB60208001885C4 /* AppDelegate.swift */,
				5C1E62041F4190A600CF7BEB /* ClassroomDivideChildViewController.swift */,
				5CA879411F85FB5100FA0B98 /* ClassroomDivideCustomViewCell.swift */,
				5C6A19BE1ED3F48000BF1A52 /* ClassroomDivideVIewController.swift */,
				5C6A19B81ED3B2FE00BF1A52 /* database.swift */,
				5C184F931F6DA622003FF8DA /* DeveloperViewController.swift */,
				5C74874C1F35EF3B0021D9A7 /* GetBuildingList.swift */,
				5C203F2F1F3A436200C89196 /* GetCancelInfo.swift */,
				5C6A19BA1ED3BE1600BF1A52 /* GetClassroomDivide.swift */,
				5C203F2D1F3A277A00C89196 /* GetSyllabusForm.swift */,
				5CB76A271F8C473500351E14 /* MaterialViewController.swift */,
				5CE589111F62BE31005E32BB /* MyAlertController.swift */,
				5C43DB931F4F743600A3B88E /* NoticeCustomViewDetailCell.swift */,
				5C203F331F3F169600C89196 /* NoticeViewContoller.swift */,
				5C184F8F1F6D9759003FF8DA /* SettingViewController.swift */,
				5CD8E5BB1F5149D80021586F /* ShareFileViewController.swift */,
				5C161B011F4CF0B50095237B /* ShareFolderLoginViewController.swift */,
				5C60FB481F4A26B300268907 /* ShareFolderViewController.swift */,
				5CE617591EBDCD7C00561E74 /* sjisHTTP.swift */,
				5C276E311F58343100425815 /* SMBSessionController.swift */,
				5CABE16B1ED06A7E009C271E /* StringExtension.swift */,
				5C8D0F9F1FF8D2D200778933 /* SyllabusCustomBasicCell.swift */,
				5CABE1691ED02497009C271E /* SyllabusCustomViewCell.swift */,
				5C77D4CA1EB87A3300CCC745 /* SyllabusDetailViewController.swift */,
				5C47AB4D1FFBE2280012275D /* SyllabusListIndicatorCell.swift */,
				5CFAB86A1EB60208001885C4 /* SyllabusListViewController.swift */,
				5C60FB461F4A141400268907 /* UIColorExtension.swift */,
				5CE589131F65216D005E32BB /* UpdateAllData.swift */,
				5C22759A1EBC7F6D000A6AA9 /* URLEncoding.swift */,
				5CA879431F88E15C00FA0B98 /* UserDefaultsKey.swift */,
				5C203F311F3EFF7700C89196 /* WebViewController.swift */,
				5CFAB86F1EB60208001885C4 /* Assets.xcassets */,
				5C276E481F5AAFDE00425815 /* ClassroomDivide.storyboard */,
				5CFAB8711EB60208001885C4 /* LaunchScreen.storyboard */,
				5C276E431F5AAE2E00425815 /* Localizable.strings */,
				5CFAB86C1EB60208001885C4 /* Main.storyboard */,
				5C276E391F5AAAA100425815 /* Material.storyboard */,
				5C276E4D1F5AAFF600425815 /* Notice.storyboard */,
				5C184F8C1F6D4829003FF8DA /* Setting.storyboard */,
				5C276E521F5AB00500425815 /* Syllabus.storyboard */,
				5C276E571F5AB01100425815 /* TimeTable.storyboard */,
			);
			path = SuLi;
			sourceTree = "<group>";
		};
		AF48C6F71AE2C9C221118FE5 /* Frameworks */ = {
			isa = PBXGroup;
			children = (
				7490708A5D4EF477F71C230A /* Pods_SuLi.framework */,
			);
			name = Frameworks;
			sourceTree = "<group>";
		};
		C55EBAA5440F31FB02EFCF1E /* Pods */ = {
			isa = PBXGroup;
			children = (
				264DBFE15683CD108CA7159E /* Pods-SuLi.debug.xcconfig */,
				D04638F9448F7ABD8FCA6394 /* Pods-SuLi.release.xcconfig */,
			);
			name = Pods;
			sourceTree = "<group>";
		};
/* End PBXGroup section */

/* Begin PBXNativeTarget section */
		5CFAB8641EB60208001885C4 /* SuLi */ = {
			isa = PBXNativeTarget;
			buildConfigurationList = 5CFAB8771EB60208001885C4 /* Build configuration list for PBXNativeTarget "SuLi" */;
			buildPhases = (
				D248D6C6FC3A6A92845272CF /* [CP] Check Pods Manifest.lock */,
				5CFAB8611EB60208001885C4 /* Sources */,
				5CFAB8621EB60208001885C4 /* Frameworks */,
				5CFAB8631EB60208001885C4 /* Resources */,
				8E41B4F3E27E22F85A32DA03 /* [CP] Embed Pods Frameworks */,
				97073A1C29CFC1C23F8B9611 /* [CP] Copy Pods Resources */,
			);
			buildRules = (
			);
			dependencies = (
			);
			name = SuLi;
			productName = SuLi;
			productReference = 5CFAB8651EB60208001885C4 /* SuLi.app */;
			productType = "com.apple.product-type.application";
		};
/* End PBXNativeTarget section */

/* Begin PBXProject section */
		5CFAB85D1EB60208001885C4 /* Project object */ = {
			isa = PBXProject;
			attributes = {
				LastSwiftUpdateCheck = 0820;
				LastUpgradeCheck = 0920;
				ORGANIZATIONNAME = ssd;
				TargetAttributes = {
					5CFAB8641EB60208001885C4 = {
						CreatedOnToolsVersion = 8.2.1;
						DevelopmentTeam = F9G7YZVLF5;
						ProvisioningStyle = Automatic;
					};
				};
			};
			buildConfigurationList = 5CFAB8601EB60208001885C4 /* Build configuration list for PBXProject "SuLi" */;
			compatibilityVersion = "Xcode 3.2";
			developmentRegion = English;
			hasScannedForEncodings = 0;
			knownRegions = (
				en,
				Base,
				ja,
			);
			mainGroup = 5CFAB85C1EB60208001885C4;
			productRefGroup = 5CFAB8661EB60208001885C4 /* Products */;
			projectDirPath = "";
			projectRoot = "";
			targets = (
				5CFAB8641EB60208001885C4 /* SuLi */,
			);
		};
/* End PBXProject section */

/* Begin PBXResourcesBuildPhase section */
		5CFAB8631EB60208001885C4 /* Resources */ = {
			isa = PBXResourcesBuildPhase;
			buildActionMask = 2147483647;
			files = (
				5CFAB8731EB60208001885C4 /* LaunchScreen.storyboard in Resources */,
				5C276E501F5AB00500425815 /* Syllabus.storyboard in Resources */,
				5C276E551F5AB01100425815 /* TimeTable.storyboard in Resources */,
				5C276E4B1F5AAFF600425815 /* Notice.storyboard in Resources */,
				5C276E411F5AAE2E00425815 /* Localizable.strings in Resources */,
				5CE589101F604847005E32BB /* ResourceAddress.strings in Resources */,
				5C276E371F5AAAA100425815 /* Material.storyboard in Resources */,
				5CFAB8701EB60208001885C4 /* Assets.xcassets in Resources */,
				5C276E461F5AAFDE00425815 /* ClassroomDivide.storyboard in Resources */,
				5CE589161F6590C0005E32BB /* Settings.bundle in Resources */,
				5CFAB86E1EB60208001885C4 /* Main.storyboard in Resources */,
				5C184F8A1F6D4829003FF8DA /* Setting.storyboard in Resources */,
			);
			runOnlyForDeploymentPostprocessing = 0;
		};
/* End PBXResourcesBuildPhase section */

/* Begin PBXShellScriptBuildPhase section */
		8E41B4F3E27E22F85A32DA03 /* [CP] Embed Pods Frameworks */ = {
			isa = PBXShellScriptBuildPhase;
			buildActionMask = 2147483647;
			files = (
			);
			inputPaths = (
				"${SRCROOT}/Pods/Target Support Files/Pods-SuLi/Pods-SuLi-frameworks.sh",
				"${BUILT_PRODUCTS_DIR}/Kanna/Kanna.framework",
				"${BUILT_PRODUCTS_DIR}/Realm/Realm.framework",
				"${BUILT_PRODUCTS_DIR}/RealmSwift/RealmSwift.framework",
				"${BUILT_PRODUCTS_DIR}/SwiftHTTP/SwiftHTTP.framework",
				"${BUILT_PRODUCTS_DIR}/TOSMBClient/TOSMBClient.framework",
				"${BUILT_PRODUCTS_DIR}/XLPagerTabStrip/XLPagerTabStrip.framework",
			);
			name = "[CP] Embed Pods Frameworks";
			outputPaths = (
				"${TARGET_BUILD_DIR}/${FRAMEWORKS_FOLDER_PATH}/Kanna.framework",
				"${TARGET_BUILD_DIR}/${FRAMEWORKS_FOLDER_PATH}/Realm.framework",
				"${TARGET_BUILD_DIR}/${FRAMEWORKS_FOLDER_PATH}/RealmSwift.framework",
				"${TARGET_BUILD_DIR}/${FRAMEWORKS_FOLDER_PATH}/SwiftHTTP.framework",
				"${TARGET_BUILD_DIR}/${FRAMEWORKS_FOLDER_PATH}/TOSMBClient.framework",
				"${TARGET_BUILD_DIR}/${FRAMEWORKS_FOLDER_PATH}/XLPagerTabStrip.framework",
			);
			runOnlyForDeploymentPostprocessing = 0;
			shellPath = /bin/sh;
			shellScript = "\"${SRCROOT}/Pods/Target Support Files/Pods-SuLi/Pods-SuLi-frameworks.sh\"\n";
			showEnvVarsInLog = 0;
		};
		97073A1C29CFC1C23F8B9611 /* [CP] Copy Pods Resources */ = {
			isa = PBXShellScriptBuildPhase;
			buildActionMask = 2147483647;
			files = (
			);
			inputPaths = (
			);
			name = "[CP] Copy Pods Resources";
			outputPaths = (
			);
			runOnlyForDeploymentPostprocessing = 0;
			shellPath = /bin/sh;
			shellScript = "\"${SRCROOT}/Pods/Target Support Files/Pods-SuLi/Pods-SuLi-resources.sh\"\n";
			showEnvVarsInLog = 0;
		};
		D248D6C6FC3A6A92845272CF /* [CP] Check Pods Manifest.lock */ = {
			isa = PBXShellScriptBuildPhase;
			buildActionMask = 2147483647;
			files = (
			);
			inputPaths = (
				"${PODS_PODFILE_DIR_PATH}/Podfile.lock",
				"${PODS_ROOT}/Manifest.lock",
			);
			name = "[CP] Check Pods Manifest.lock";
			outputPaths = (
				"$(DERIVED_FILE_DIR)/Pods-SuLi-checkManifestLockResult.txt",
			);
			runOnlyForDeploymentPostprocessing = 0;
			shellPath = /bin/sh;
			shellScript = "diff \"${PODS_PODFILE_DIR_PATH}/Podfile.lock\" \"${PODS_ROOT}/Manifest.lock\" > /dev/null\nif [ $? != 0 ] ; then\n    # print error to STDERR\n    echo \"error: The sandbox is not in sync with the Podfile.lock. Run 'pod install' or update your CocoaPods installation.\" >&2\n    exit 1\nfi\n# This output is used by Xcode 'outputs' to avoid re-running this script phase.\necho \"SUCCESS\" > \"${SCRIPT_OUTPUT_FILE_0}\"\n";
			showEnvVarsInLog = 0;
		};
/* End PBXShellScriptBuildPhase section */

/* Begin PBXSourcesBuildPhase section */
		5CFAB8611EB60208001885C4 /* Sources */ = {
			isa = PBXSourcesBuildPhase;
			buildActionMask = 2147483647;
			files = (
				5C60FB471F4A141400268907 /* UIColorExtension.swift in Sources */,
				5CABE16A1ED02497009C271E /* SyllabusCustomViewCell.swift in Sources */,
				5CFAB86B1EB60208001885C4 /* SyllabusListViewController.swift in Sources */,
				5CA879421F85FB5100FA0B98 /* ClassroomDivideCustomViewCell.swift in Sources */,
				5C184F941F6DA622003FF8DA /* DeveloperViewController.swift in Sources */,
				5C6A19BB1ED3BE1600BF1A52 /* GetClassroomDivide.swift in Sources */,
				5C203F301F3A436200C89196 /* GetCancelInfo.swift in Sources */,
				5CABE16C1ED06A7E009C271E /* StringExtension.swift in Sources */,
				5CA879441F88E15C00FA0B98 /* UserDefaultsKey.swift in Sources */,
				5C77D4CB1EB87A3300CCC745 /* SyllabusDetailViewController.swift in Sources */,
				5C60FB491F4A26B300268907 /* ShareFolderViewController.swift in Sources */,
				5CB76A281F8C473500351E14 /* MaterialViewController.swift in Sources */,
				5C8D0FA01FF8D2D200778933 /* SyllabusCustomBasicCell.swift in Sources */,
				5C22759B1EBC7F6D000A6AA9 /* URLEncoding.swift in Sources */,
				5C74874D1F35EF3B0021D9A7 /* GetBuildingList.swift in Sources */,
				5C184F901F6D9759003FF8DA /* SettingViewController.swift in Sources */,
				5CE6175A1EBDCD7C00561E74 /* sjisHTTP.swift in Sources */,
				5CE589121F62BE31005E32BB /* MyAlertController.swift in Sources */,
				5CE589141F65216D005E32BB /* UpdateAllData.swift in Sources */,
				5C47AB4E1FFBE2280012275D /* SyllabusListIndicatorCell.swift in Sources */,
				5CD8E5BC1F5149D80021586F /* ShareFileViewController.swift in Sources */,
				5C6A19B91ED3B2FE00BF1A52 /* database.swift in Sources */,
				5C203F321F3EFF7700C89196 /* WebViewController.swift in Sources */,
				5C6A19BF1ED3F48000BF1A52 /* ClassroomDivideVIewController.swift in Sources */,
				5C203F341F3F169600C89196 /* NoticeViewContoller.swift in Sources */,
				5C161B021F4CF0B50095237B /* ShareFolderLoginViewController.swift in Sources */,
				5C276E321F58343100425815 /* SMBSessionController.swift in Sources */,
				5C43DB941F4F743600A3B88E /* NoticeCustomViewDetailCell.swift in Sources */,
				5CFAB8691EB60208001885C4 /* AppDelegate.swift in Sources */,
				5C1E62051F4190A600CF7BEB /* ClassroomDivideChildViewController.swift in Sources */,
				5C203F2E1F3A277A00C89196 /* GetSyllabusForm.swift in Sources */,
			);
			runOnlyForDeploymentPostprocessing = 0;
		};
/* End PBXSourcesBuildPhase section */

/* Begin PBXVariantGroup section */
		5C184F8C1F6D4829003FF8DA /* Setting.storyboard */ = {
			isa = PBXVariantGroup;
			children = (
				5C184F8B1F6D4829003FF8DA /* Base */,
				5C892A511F74B84600DB3728 /* ja */,
			);
			name = Setting.storyboard;
			sourceTree = "<group>";
		};
		5C276E391F5AAAA100425815 /* Material.storyboard */ = {
			isa = PBXVariantGroup;
			children = (
				5C276E3A1F5AAACB00425815 /* Base */,
				5CB76A2A1F8C5BAA00351E14 /* ja */,
			);
			name = Material.storyboard;
			sourceTree = "<group>";
		};
		5C276E431F5AAE2E00425815 /* Localizable.strings */ = {
			isa = PBXVariantGroup;
			children = (
				5C276E421F5AAE2E00425815 /* ja */,
				5C276E441F5AAE3100425815 /* Base */,
			);
			name = Localizable.strings;
			sourceTree = "<group>";
		};
		5C276E481F5AAFDE00425815 /* ClassroomDivide.storyboard */ = {
			isa = PBXVariantGroup;
			children = (
				5C276E491F5AAFE100425815 /* Base */,
				5C276E4A1F5AAFE600425815 /* ja */,
			);
			name = ClassroomDivide.storyboard;
			sourceTree = "<group>";
		};
		5C276E4D1F5AAFF600425815 /* Notice.storyboard */ = {
			isa = PBXVariantGroup;
			children = (
				5C276E4C1F5AAFF600425815 /* Base */,
				5CDA37CB1FF69AF400168070 /* ja */,
			);
			name = Notice.storyboard;
			sourceTree = "<group>";
		};
		5C276E521F5AB00500425815 /* Syllabus.storyboard */ = {
			isa = PBXVariantGroup;
			children = (
				5C276E511F5AB00500425815 /* Base */,
				5C276E541F5AB00700425815 /* ja */,
			);
			name = Syllabus.storyboard;
			sourceTree = "<group>";
		};
		5C276E571F5AB01100425815 /* TimeTable.storyboard */ = {
			isa = PBXVariantGroup;
			children = (
				5C276E561F5AB01100425815 /* Base */,
				5C276E591F5AB01900425815 /* ja */,
			);
			name = TimeTable.storyboard;
			sourceTree = "<group>";
		};
		5CFAB86C1EB60208001885C4 /* Main.storyboard */ = {
			isa = PBXVariantGroup;
			children = (
				5CFAB86D1EB60208001885C4 /* Base */,
				5C276E3C1F5AAD7F00425815 /* ja */,
			);
			name = Main.storyboard;
			sourceTree = "<group>";
		};
		5CFAB8711EB60208001885C4 /* LaunchScreen.storyboard */ = {
			isa = PBXVariantGroup;
			children = (
				5CFAB8721EB60208001885C4 /* Base */,
				5CE5891A1F66823C005E32BB /* ja */,
			);
			name = LaunchScreen.storyboard;
			sourceTree = "<group>";
		};
/* End PBXVariantGroup section */

/* Begin XCBuildConfiguration section */
		5CFAB8751EB60208001885C4 /* Debug */ = {
			isa = XCBuildConfiguration;
			buildSettings = {
				ALWAYS_SEARCH_USER_PATHS = NO;
				CLANG_ANALYZER_LOCALIZABILITY_NONLOCALIZED = YES;
				CLANG_ANALYZER_NONNULL = YES;
				CLANG_CXX_LANGUAGE_STANDARD = "gnu++0x";
				CLANG_CXX_LIBRARY = "libc++";
				CLANG_ENABLE_MODULES = YES;
				CLANG_ENABLE_OBJC_ARC = YES;
				CLANG_WARN_BLOCK_CAPTURE_AUTORELEASING = YES;
				CLANG_WARN_BOOL_CONVERSION = YES;
				CLANG_WARN_COMMA = YES;
				CLANG_WARN_CONSTANT_CONVERSION = YES;
				CLANG_WARN_DIRECT_OBJC_ISA_USAGE = YES_ERROR;
				CLANG_WARN_DOCUMENTATION_COMMENTS = YES;
				CLANG_WARN_EMPTY_BODY = YES;
				CLANG_WARN_ENUM_CONVERSION = YES;
				CLANG_WARN_INFINITE_RECURSION = YES;
				CLANG_WARN_INT_CONVERSION = YES;
				CLANG_WARN_NON_LITERAL_NULL_CONVERSION = YES;
				CLANG_WARN_OBJC_LITERAL_CONVERSION = YES;
				CLANG_WARN_OBJC_ROOT_CLASS = YES_ERROR;
				CLANG_WARN_RANGE_LOOP_ANALYSIS = YES;
				CLANG_WARN_STRICT_PROTOTYPES = YES;
				CLANG_WARN_SUSPICIOUS_MOVE = YES;
				CLANG_WARN_UNREACHABLE_CODE = YES;
				CLANG_WARN__DUPLICATE_METHOD_MATCH = YES;
				"CODE_SIGN_IDENTITY[sdk=iphoneos*]" = "iPhone Developer";
				COPY_PHASE_STRIP = NO;
				DEBUG_INFORMATION_FORMAT = dwarf;
				ENABLE_STRICT_OBJC_MSGSEND = YES;
				ENABLE_TESTABILITY = YES;
				GCC_C_LANGUAGE_STANDARD = gnu99;
				GCC_DYNAMIC_NO_PIC = NO;
				GCC_NO_COMMON_BLOCKS = YES;
				GCC_OPTIMIZATION_LEVEL = 0;
				GCC_PREPROCESSOR_DEFINITIONS = (
					"DEBUG=1",
					"$(inherited)",
				);
				GCC_WARN_64_TO_32_BIT_CONVERSION = YES;
				GCC_WARN_ABOUT_RETURN_TYPE = YES_ERROR;
				GCC_WARN_UNDECLARED_SELECTOR = YES;
				GCC_WARN_UNINITIALIZED_AUTOS = YES_AGGRESSIVE;
				GCC_WARN_UNUSED_FUNCTION = YES;
				GCC_WARN_UNUSED_VARIABLE = YES;
				IPHONEOS_DEPLOYMENT_TARGET = 9.0;
				MTL_ENABLE_DEBUG_INFO = YES;
				ONLY_ACTIVE_ARCH = YES;
				SDKROOT = iphoneos;
				SWIFT_ACTIVE_COMPILATION_CONDITIONS = DEBUG;
				SWIFT_OPTIMIZATION_LEVEL = "-Onone";
				SWIFT_VERSION = "";
				TARGETED_DEVICE_FAMILY = "1,2";
			};
			name = Debug;
		};
		5CFAB8761EB60208001885C4 /* Release */ = {
			isa = XCBuildConfiguration;
			buildSettings = {
				ALWAYS_SEARCH_USER_PATHS = NO;
				CLANG_ANALYZER_LOCALIZABILITY_NONLOCALIZED = YES;
				CLANG_ANALYZER_NONNULL = YES;
				CLANG_CXX_LANGUAGE_STANDARD = "gnu++0x";
				CLANG_CXX_LIBRARY = "libc++";
				CLANG_ENABLE_MODULES = YES;
				CLANG_ENABLE_OBJC_ARC = YES;
				CLANG_WARN_BLOCK_CAPTURE_AUTORELEASING = YES;
				CLANG_WARN_BOOL_CONVERSION = YES;
				CLANG_WARN_COMMA = YES;
				CLANG_WARN_CONSTANT_CONVERSION = YES;
				CLANG_WARN_DIRECT_OBJC_ISA_USAGE = YES_ERROR;
				CLANG_WARN_DOCUMENTATION_COMMENTS = YES;
				CLANG_WARN_EMPTY_BODY = YES;
				CLANG_WARN_ENUM_CONVERSION = YES;
				CLANG_WARN_INFINITE_RECURSION = YES;
				CLANG_WARN_INT_CONVERSION = YES;
				CLANG_WARN_NON_LITERAL_NULL_CONVERSION = YES;
				CLANG_WARN_OBJC_LITERAL_CONVERSION = YES;
				CLANG_WARN_OBJC_ROOT_CLASS = YES_ERROR;
				CLANG_WARN_RANGE_LOOP_ANALYSIS = YES;
				CLANG_WARN_STRICT_PROTOTYPES = YES;
				CLANG_WARN_SUSPICIOUS_MOVE = YES;
				CLANG_WARN_UNREACHABLE_CODE = YES;
				CLANG_WARN__DUPLICATE_METHOD_MATCH = YES;
				"CODE_SIGN_IDENTITY[sdk=iphoneos*]" = "iPhone Developer";
				COPY_PHASE_STRIP = NO;
				DEBUG_INFORMATION_FORMAT = "dwarf-with-dsym";
				ENABLE_NS_ASSERTIONS = NO;
				ENABLE_STRICT_OBJC_MSGSEND = YES;
				GCC_C_LANGUAGE_STANDARD = gnu99;
				GCC_NO_COMMON_BLOCKS = YES;
				GCC_WARN_64_TO_32_BIT_CONVERSION = YES;
				GCC_WARN_ABOUT_RETURN_TYPE = YES_ERROR;
				GCC_WARN_UNDECLARED_SELECTOR = YES;
				GCC_WARN_UNINITIALIZED_AUTOS = YES_AGGRESSIVE;
				GCC_WARN_UNUSED_FUNCTION = YES;
				GCC_WARN_UNUSED_VARIABLE = YES;
				IPHONEOS_DEPLOYMENT_TARGET = 9.0;
				MTL_ENABLE_DEBUG_INFO = NO;
				SDKROOT = iphoneos;
				SWIFT_OPTIMIZATION_LEVEL = "-Owholemodule";
				SWIFT_VERSION = "";
				TARGETED_DEVICE_FAMILY = "1,2";
				VALIDATE_PRODUCT = YES;
			};
			name = Release;
		};
		5CFAB8781EB60208001885C4 /* Debug */ = {
			isa = XCBuildConfiguration;
			baseConfigurationReference = 264DBFE15683CD108CA7159E /* Pods-SuLi.debug.xcconfig */;
			buildSettings = {
				ASSETCATALOG_COMPILER_APPICON_NAME = AppIcon;
				"CODE_SIGN_IDENTITY[sdk=iphoneos*]" = "iPhone Developer";
				DEVELOPMENT_TEAM = F9G7YZVLF5;
				INFOPLIST_FILE = SuLi/Info.plist;
				IPHONEOS_DEPLOYMENT_TARGET = 9.0;
				LD_RUNPATH_SEARCH_PATHS = "$(inherited) @executable_path/Frameworks";
				PRODUCT_BUNDLE_IDENTIFIER = SuLi;
				PRODUCT_NAME = "$(TARGET_NAME)";
				PROVISIONING_PROFILE_SPECIFIER = "";
				SWIFT_OBJC_BRIDGING_HEADER = "$(SRCROOT)/$(PROJECT_NAME)/Bridging-Header.h";
				SWIFT_VERSION = 3.0;
			};
			name = Debug;
		};
		5CFAB8791EB60208001885C4 /* Release */ = {
			isa = XCBuildConfiguration;
			baseConfigurationReference = D04638F9448F7ABD8FCA6394 /* Pods-SuLi.release.xcconfig */;
			buildSettings = {
				ASSETCATALOG_COMPILER_APPICON_NAME = AppIcon;
				"CODE_SIGN_IDENTITY[sdk=iphoneos*]" = "iPhone Developer";
				DEVELOPMENT_TEAM = F9G7YZVLF5;
				INFOPLIST_FILE = SuLi/Info.plist;
				IPHONEOS_DEPLOYMENT_TARGET = 9.0;
				LD_RUNPATH_SEARCH_PATHS = "$(inherited) @executable_path/Frameworks";
				PRODUCT_BUNDLE_IDENTIFIER = SuLi;
				PRODUCT_NAME = "$(TARGET_NAME)";
				PROVISIONING_PROFILE_SPECIFIER = "";
				SWIFT_OBJC_BRIDGING_HEADER = "$(SRCROOT)/$(PROJECT_NAME)/Bridging-Header.h";
				SWIFT_VERSION = 3.0;
			};
			name = Release;
		};
/* End XCBuildConfiguration section */

/* Begin XCConfigurationList section */
		5CFAB8601EB60208001885C4 /* Build configuration list for PBXProject "SuLi" */ = {
			isa = XCConfigurationList;
			buildConfigurations = (
				5CFAB8751EB60208001885C4 /* Debug */,
				5CFAB8761EB60208001885C4 /* Release */,
			);
			defaultConfigurationIsVisible = 0;
			defaultConfigurationName = Release;
		};
		5CFAB8771EB60208001885C4 /* Build configuration list for PBXNativeTarget "SuLi" */ = {
			isa = XCConfigurationList;
			buildConfigurations = (
				5CFAB8781EB60208001885C4 /* Debug */,
				5CFAB8791EB60208001885C4 /* Release */,
			);
			defaultConfigurationIsVisible = 0;
			defaultConfigurationName = Release;
		};
/* End XCConfigurationList section */
	};
	rootObject = 5CFAB85D1EB60208001885C4 /* Project object */;
}
